// !$*UTF8*$!
{
	archiveVersion = 1;
	classes = {
	};
	objectVersion = 50;
	objects = {

/* Begin PBXBuildFile section */
		B329D5F6240702F800FF6D33 /* AppDelegate.swift in Sources */ = {isa = PBXBuildFile; fileRef = B329D5F5240702F800FF6D33 /* AppDelegate.swift */; };
		B329D5F8240702F800FF6D33 /* SceneDelegate.swift in Sources */ = {isa = PBXBuildFile; fileRef = B329D5F7240702F800FF6D33 /* SceneDelegate.swift */; };
		B329D5FA240702F800FF6D33 /* ContentView.swift in Sources */ = {isa = PBXBuildFile; fileRef = B329D5F9240702F800FF6D33 /* ContentView.swift */; };
		B329D5FC240702FB00FF6D33 /* Assets.xcassets in Resources */ = {isa = PBXBuildFile; fileRef = B329D5FB240702FB00FF6D33 /* Assets.xcassets */; };
		B329D5FF240702FB00FF6D33 /* Preview Assets.xcassets in Resources */ = {isa = PBXBuildFile; fileRef = B329D5FE240702FB00FF6D33 /* Preview Assets.xcassets */; };
		B329D602240702FB00FF6D33 /* LaunchScreen.storyboard in Resources */ = {isa = PBXBuildFile; fileRef = B329D600240702FB00FF6D33 /* LaunchScreen.storyboard */; };
		B3C475E524081A1200D8AAF7 /* ChannelData.swift in Sources */ = {isa = PBXBuildFile; fileRef = B3C475E424081A1200D8AAF7 /* ChannelData.swift */; };
		B3C475EA24081B2C00D8AAF7 /* SecondView.swift in Sources */ = {isa = PBXBuildFile; fileRef = B3C475E924081B2C00D8AAF7 /* SecondView.swift */; };
		B3CD40E7240980700002DC66 /* VideoIdea.swift in Sources */ = {isa = PBXBuildFile; fileRef = B3CD40E6240980700002DC66 /* VideoIdea.swift */; };
		B3EB56A724071001005BB27B /* Oxygen-Bold.ttf in Resources */ = {isa = PBXBuildFile; fileRef = B3EB56A624071001005BB27B /* Oxygen-Bold.ttf */; };
		B3EB56A92407100C005BB27B /* Oxygen-Regular.ttf in Resources */ = {isa = PBXBuildFile; fileRef = B3EB56A82407100C005BB27B /* Oxygen-Regular.ttf */; };
		B3EB56AB24071022005BB27B /* Oxygen-Light.ttf in Resources */ = {isa = PBXBuildFile; fileRef = B3EB56AA24071022005BB27B /* Oxygen-Light.ttf */; };
		C3CDE679253643AC00A648EE /* CameraView.swift in Sources */ = {isa = PBXBuildFile; fileRef = C3CDE678253643AC00A648EE /* CameraView.swift */; };
		C3EC7B9425407CE3005E0851 /* ImagePicker.swift in Sources */ = {isa = PBXBuildFile; fileRef = C3EC7B9325407CE3005E0851 /* ImagePicker.swift */; };
/* End PBXBuildFile section */

/* Begin PBXFileReference section */
		B329D5F2240702F800FF6D33 /* Tenla.app */ = {isa = PBXFileReference; explicitFileType = wrapper.application; includeInIndex = 0; path = Tenla.app; sourceTree = BUILT_PRODUCTS_DIR; };
		B329D5F5240702F800FF6D33 /* AppDelegate.swift */ = {isa = PBXFileReference; lastKnownFileType = sourcecode.swift; path = AppDelegate.swift; sourceTree = "<group>"; };
		B329D5F7240702F800FF6D33 /* SceneDelegate.swift */ = {isa = PBXFileReference; lastKnownFileType = sourcecode.swift; path = SceneDelegate.swift; sourceTree = "<group>"; };
		B329D5F9240702F800FF6D33 /* ContentView.swift */ = {isa = PBXFileReference; lastKnownFileType = sourcecode.swift; path = ContentView.swift; sourceTree = "<group>"; };
		B329D5FB240702FB00FF6D33 /* Assets.xcassets */ = {isa = PBXFileReference; lastKnownFileType = folder.assetcatalog; path = Assets.xcassets; sourceTree = "<group>"; };
		B329D5FE240702FB00FF6D33 /* Preview Assets.xcassets */ = {isa = PBXFileReference; lastKnownFileType = folder.assetcatalog; path = "Preview Assets.xcassets"; sourceTree = "<group>"; };
		B329D601240702FB00FF6D33 /* Base */ = {isa = PBXFileReference; lastKnownFileType = file.storyboard; name = Base; path = Base.lproj/LaunchScreen.storyboard; sourceTree = "<group>"; };
		B329D603240702FB00FF6D33 /* Info.plist */ = {isa = PBXFileReference; lastKnownFileType = text.plist.xml; path = Info.plist; sourceTree = "<group>"; };
		B3C475E424081A1200D8AAF7 /* ChannelData.swift */ = {isa = PBXFileReference; lastKnownFileType = sourcecode.swift; path = ChannelData.swift; sourceTree = "<group>"; };
		B3C475E924081B2C00D8AAF7 /* SecondView.swift */ = {isa = PBXFileReference; lastKnownFileType = sourcecode.swift; path = SecondView.swift; sourceTree = "<group>"; };
		B3CD40E6240980700002DC66 /* VideoIdea.swift */ = {isa = PBXFileReference; lastKnownFileType = sourcecode.swift; path = VideoIdea.swift; sourceTree = "<group>"; };
		B3EB56A624071001005BB27B /* Oxygen-Bold.ttf */ = {isa = PBXFileReference; lastKnownFileType = file; path = "Oxygen-Bold.ttf"; sourceTree = "<group>"; };
		B3EB56A82407100C005BB27B /* Oxygen-Regular.ttf */ = {isa = PBXFileReference; lastKnownFileType = file; path = "Oxygen-Regular.ttf"; sourceTree = "<group>"; };
		B3EB56AA24071022005BB27B /* Oxygen-Light.ttf */ = {isa = PBXFileReference; lastKnownFileType = file; path = "Oxygen-Light.ttf"; sourceTree = "<group>"; };
		C3CDE678253643AC00A648EE /* CameraView.swift */ = {isa = PBXFileReference; lastKnownFileType = sourcecode.swift; path = CameraView.swift; sourceTree = "<group>"; };
		C3EC7B9325407CE3005E0851 /* ImagePicker.swift */ = {isa = PBXFileReference; lastKnownFileType = sourcecode.swift; path = ImagePicker.swift; sourceTree = "<group>"; };
/* End PBXFileReference section */

/* Begin PBXFrameworksBuildPhase section */
		B329D5EF240702F800FF6D33 /* Frameworks */ = {
			isa = PBXFrameworksBuildPhase;
			buildActionMask = 2147483647;
			files = (
			);
			runOnlyForDeploymentPostprocessing = 0;
		};
/* End PBXFrameworksBuildPhase section */

/* Begin PBXGroup section */
		B30E8D752407F8C5001B4D3D /* Model */ = {
			isa = PBXGroup;
			children = (
				B3C475E424081A1200D8AAF7 /* ChannelData.swift */,
				B3CD40E6240980700002DC66 /* VideoIdea.swift */,
				C3EC7B9325407CE3005E0851 /* ImagePicker.swift */,
			);
			path = Model;
			sourceTree = "<group>";
		};
		B329D5E9240702F800FF6D33 = {
			isa = PBXGroup;
			children = (
				B329D5F4240702F800FF6D33 /* Tenla */,
				B329D5F3240702F800FF6D33 /* Products */,
			);
			sourceTree = "<group>";
		};
		B329D5F3240702F800FF6D33 /* Products */ = {
			isa = PBXGroup;
			children = (
				B329D5F2240702F800FF6D33 /* Tenla.app */,
			);
			name = Products;
			sourceTree = "<group>";
		};
		B329D5F4240702F800FF6D33 /* Tenla */ = {
			isa = PBXGroup;
			children = (
				B3EB56AD24071168005BB27B /* Font */,
				B3EB56AE2407117E005BB27B /* Lifecycle */,
				B30E8D752407F8C5001B4D3D /* Model */,
				B3C475E824081AA900D8AAF7 /* View */,
				B329D5FB240702FB00FF6D33 /* Assets.xcassets */,
				B329D600240702FB00FF6D33 /* LaunchScreen.storyboard */,
				B329D603240702FB00FF6D33 /* Info.plist */,
				B329D5FD240702FB00FF6D33 /* Preview Content */,
			);
			path = Tenla;
			sourceTree = "<group>";
		};
		B329D5FD240702FB00FF6D33 /* Preview Content */ = {
			isa = PBXGroup;
			children = (
				B329D5FE240702FB00FF6D33 /* Preview Assets.xcassets */,
			);
			path = "Preview Content";
			sourceTree = "<group>";
		};
		B3C475E824081AA900D8AAF7 /* View */ = {
			isa = PBXGroup;
			children = (
				B329D5F9240702F800FF6D33 /* ContentView.swift */,
				B3C475E924081B2C00D8AAF7 /* SecondView.swift */,
				C3CDE678253643AC00A648EE /* CameraView.swift */,
			);
			path = View;
			sourceTree = "<group>";
		};
		B3EB56AD24071168005BB27B /* Font */ = {
			isa = PBXGroup;
			children = (
				B3EB56AA24071022005BB27B /* Oxygen-Light.ttf */,
				B3EB56A82407100C005BB27B /* Oxygen-Regular.ttf */,
				B3EB56A624071001005BB27B /* Oxygen-Bold.ttf */,
			);
			path = Font;
			sourceTree = "<group>";
		};
		B3EB56AE2407117E005BB27B /* Lifecycle */ = {
			isa = PBXGroup;
			children = (
				B329D5F5240702F800FF6D33 /* AppDelegate.swift */,
				B329D5F7240702F800FF6D33 /* SceneDelegate.swift */,
			);
			path = Lifecycle;
			sourceTree = "<group>";
		};
/* End PBXGroup section */

/* Begin PBXNativeTarget section */
		B329D5F1240702F800FF6D33 /* Tenla */ = {
			isa = PBXNativeTarget;
			buildConfigurationList = B329D606240702FB00FF6D33 /* Build configuration list for PBXNativeTarget "Tenla" */;
			buildPhases = (
				B329D5EE240702F800FF6D33 /* Sources */,
				B329D5EF240702F800FF6D33 /* Frameworks */,
				B329D5F0240702F800FF6D33 /* Resources */,
			);
			buildRules = (
			);
			dependencies = (
			);
			name = Tenla;
			productName = Tenla;
			productReference = B329D5F2240702F800FF6D33 /* Tenla.app */;
			productType = "com.apple.product-type.application";
		};
/* End PBXNativeTarget section */

/* Begin PBXProject section */
		B329D5EA240702F800FF6D33 /* Project object */ = {
			isa = PBXProject;
			attributes = {
				LastSwiftUpdateCheck = 1130;
				LastUpgradeCheck = 1200;
				ORGANIZATIONNAME = "Daora Rouge";
				TargetAttributes = {
					B329D5F1240702F800FF6D33 = {
						CreatedOnToolsVersion = 11.3.1;
					};
				};
			};
			buildConfigurationList = B329D5ED240702F800FF6D33 /* Build configuration list for PBXProject "Tenla" */;
			compatibilityVersion = "Xcode 9.3";
			developmentRegion = en;
			hasScannedForEncodings = 0;
			knownRegions = (
				en,
				Base,
			);
			mainGroup = B329D5E9240702F800FF6D33;
			productRefGroup = B329D5F3240702F800FF6D33 /* Products */;
			projectDirPath = "";
			projectRoot = "";
			targets = (
				B329D5F1240702F800FF6D33 /* Tenla */,
			);
		};
/* End PBXProject section */

/* Begin PBXResourcesBuildPhase section */
		B329D5F0240702F800FF6D33 /* Resources */ = {
			isa = PBXResourcesBuildPhase;
			buildActionMask = 2147483647;
			files = (
				B329D602240702FB00FF6D33 /* LaunchScreen.storyboard in Resources */,
				B3EB56AB24071022005BB27B /* Oxygen-Light.ttf in Resources */,
				B329D5FF240702FB00FF6D33 /* Preview Assets.xcassets in Resources */,
				B329D5FC240702FB00FF6D33 /* Assets.xcassets in Resources */,
				B3EB56A92407100C005BB27B /* Oxygen-Regular.ttf in Resources */,
				B3EB56A724071001005BB27B /* Oxygen-Bold.ttf in Resources */,
			);
			runOnlyForDeploymentPostprocessing = 0;
		};
/* End PBXResourcesBuildPhase section */

/* Begin PBXSourcesBuildPhase section */
		B329D5EE240702F800FF6D33 /* Sources */ = {
			isa = PBXSourcesBuildPhase;
			buildActionMask = 2147483647;
			files = (
				B3C475EA24081B2C00D8AAF7 /* SecondView.swift in Sources */,
				C3CDE679253643AC00A648EE /* CameraView.swift in Sources */,
				B3CD40E7240980700002DC66 /* VideoIdea.swift in Sources */,
				B329D5F6240702F800FF6D33 /* AppDelegate.swift in Sources */,
				B329D5F8240702F800FF6D33 /* SceneDelegate.swift in Sources */,
				C3EC7B9425407CE3005E0851 /* ImagePicker.swift in Sources */,
				B329D5FA240702F800FF6D33 /* ContentView.swift in Sources */,
				B3C475E524081A1200D8AAF7 /* ChannelData.swift in Sources */,
			);
			runOnlyForDeploymentPostprocessing = 0;
		};
/* End PBXSourcesBuildPhase section */

/* Begin PBXVariantGroup section */
		B329D600240702FB00FF6D33 /* LaunchScreen.storyboard */ = {
			isa = PBXVariantGroup;
			children = (
				B329D601240702FB00FF6D33 /* Base */,
			);
			name = LaunchScreen.storyboard;
			sourceTree = "<group>";
		};
/* End PBXVariantGroup section */

/* Begin XCBuildConfiguration section */
		B329D604240702FB00FF6D33 /* Debug */ = {
			isa = XCBuildConfiguration;
			buildSettings = {
				ALWAYS_SEARCH_USER_PATHS = NO;
				CLANG_ANALYZER_NONNULL = YES;
				CLANG_ANALYZER_NUMBER_OBJECT_CONVERSION = YES_AGGRESSIVE;
				CLANG_CXX_LANGUAGE_STANDARD = "gnu++14";
				CLANG_CXX_LIBRARY = "libc++";
				CLANG_ENABLE_MODULES = YES;
				CLANG_ENABLE_OBJC_ARC = YES;
				CLANG_ENABLE_OBJC_WEAK = YES;
				CLANG_WARN_BLOCK_CAPTURE_AUTORELEASING = YES;
				CLANG_WARN_BOOL_CONVERSION = YES;
				CLANG_WARN_COMMA = YES;
				CLANG_WARN_CONSTANT_CONVERSION = YES;
				CLANG_WARN_DEPRECATED_OBJC_IMPLEMENTATIONS = YES;
				CLANG_WARN_DIRECT_OBJC_ISA_USAGE = YES_ERROR;
				CLANG_WARN_DOCUMENTATION_COMMENTS = YES;
				CLANG_WARN_EMPTY_BODY = YES;
				CLANG_WARN_ENUM_CONVERSION = YES;
				CLANG_WARN_INFINITE_RECURSION = YES;
				CLANG_WARN_INT_CONVERSION = YES;
				CLANG_WARN_NON_LITERAL_NULL_CONVERSION = YES;
				CLANG_WARN_OBJC_IMPLICIT_RETAIN_SELF = YES;
				CLANG_WARN_OBJC_LITERAL_CONVERSION = YES;
				CLANG_WARN_OBJC_ROOT_CLASS = YES_ERROR;
				CLANG_WARN_QUOTED_INCLUDE_IN_FRAMEWORK_HEADER = YES;
				CLANG_WARN_RANGE_LOOP_ANALYSIS = YES;
				CLANG_WARN_STRICT_PROTOTYPES = YES;
				CLANG_WARN_SUSPICIOUS_MOVE = YES;
				CLANG_WARN_UNGUARDED_AVAILABILITY = YES_AGGRESSIVE;
				CLANG_WARN_UNREACHABLE_CODE = YES;
				CLANG_WARN__DUPLICATE_METHOD_MATCH = YES;
				COPY_PHASE_STRIP = NO;
				DEBUG_INFORMATION_FORMAT = dwarf;
				ENABLE_STRICT_OBJC_MSGSEND = YES;
				ENABLE_TESTABILITY = YES;
				GCC_C_LANGUAGE_STANDARD = gnu11;
				GCC_DYNAMIC_NO_PIC = NO;
				GCC_NO_COMMON_BLOCKS = YES;
				GCC_OPTIMIZATION_LEVEL = 0;
				GCC_PREPROCESSOR_DEFINITIONS = (
					"DEBUG=1",
					"$(inherited)",
				);
				GCC_WARN_64_TO_32_BIT_CONVERSION = YES;
				GCC_WARN_ABOUT_RETURN_TYPE = YES_ERROR;
				GCC_WARN_UNDECLARED_SELECTOR = YES;
				GCC_WARN_UNINITIALIZED_AUTOS = YES_AGGRESSIVE;
				GCC_WARN_UNUSED_FUNCTION = YES;
				GCC_WARN_UNUSED_VARIABLE = YES;
				IPHONEOS_DEPLOYMENT_TARGET = 14.0;
				MTL_ENABLE_DEBUG_INFO = INCLUDE_SOURCE;
				MTL_FAST_MATH = YES;
				ONLY_ACTIVE_ARCH = YES;
				SDKROOT = iphoneos;
				SWIFT_ACTIVE_COMPILATION_CONDITIONS = DEBUG;
				SWIFT_OPTIMIZATION_LEVEL = "-Onone";
			};
			name = Debug;
		};
		B329D605240702FB00FF6D33 /* Release */ = {
			isa = XCBuildConfiguration;
			buildSettings = {
				ALWAYS_SEARCH_USER_PATHS = NO;
				CLANG_ANALYZER_NONNULL = YES;
				CLANG_ANALYZER_NUMBER_OBJECT_CONVERSION = YES_AGGRESSIVE;
				CLANG_CXX_LANGUAGE_STANDARD = "gnu++14";
				CLANG_CXX_LIBRARY = "libc++";
				CLANG_ENABLE_MODULES = YES;
				CLANG_ENABLE_OBJC_ARC = YES;
				CLANG_ENABLE_OBJC_WEAK = YES;
				CLANG_WARN_BLOCK_CAPTURE_AUTORELEASING = YES;
				CLANG_WARN_BOOL_CONVERSION = YES;
				CLANG_WARN_COMMA = YES;
				CLANG_WARN_CONSTANT_CONVERSION = YES;
				CLANG_WARN_DEPRECATED_OBJC_IMPLEMENTATIONS = YES;
				CLANG_WARN_DIRECT_OBJC_ISA_USAGE = YES_ERROR;
				CLANG_WARN_DOCUMENTATION_COMMENTS = YES;
				CLANG_WARN_EMPTY_BODY = YES;
				CLANG_WARN_ENUM_CONVERSION = YES;
				CLANG_WARN_INFINITE_RECURSION = YES;
				CLANG_WARN_INT_CONVERSION = YES;
				CLANG_WARN_NON_LITERAL_NULL_CONVERSION = YES;
				CLANG_WARN_OBJC_IMPLICIT_RETAIN_SELF = YES;
				CLANG_WARN_OBJC_LITERAL_CONVERSION = YES;
				CLANG_WARN_OBJC_ROOT_CLASS = YES_ERROR;
				CLANG_WARN_QUOTED_INCLUDE_IN_FRAMEWORK_HEADER = YES;
				CLANG_WARN_RANGE_LOOP_ANALYSIS = YES;
				CLANG_WARN_STRICT_PROTOTYPES = YES;
				CLANG_WARN_SUSPICIOUS_MOVE = YES;
				CLANG_WARN_UNGUARDED_AVAILABILITY = YES_AGGRESSIVE;
				CLANG_WARN_UNREACHABLE_CODE = YES;
				CLANG_WARN__DUPLICATE_METHOD_MATCH = YES;
				COPY_PHASE_STRIP = NO;
				DEBUG_INFORMATION_FORMAT = "dwarf-with-dsym";
				ENABLE_NS_ASSERTIONS = NO;
				ENABLE_STRICT_OBJC_MSGSEND = YES;
				GCC_C_LANGUAGE_STANDARD = gnu11;
				GCC_NO_COMMON_BLOCKS = YES;
				GCC_WARN_64_TO_32_BIT_CONVERSION = YES;
				GCC_WARN_ABOUT_RETURN_TYPE = YES_ERROR;
				GCC_WARN_UNDECLARED_SELECTOR = YES;
				GCC_WARN_UNINITIALIZED_AUTOS = YES_AGGRESSIVE;
				GCC_WARN_UNUSED_FUNCTION = YES;
				GCC_WARN_UNUSED_VARIABLE = YES;
				IPHONEOS_DEPLOYMENT_TARGET = 14.0;
				MTL_ENABLE_DEBUG_INFO = NO;
				MTL_FAST_MATH = YES;
				SDKROOT = iphoneos;
				SWIFT_COMPILATION_MODE = wholemodule;
				SWIFT_OPTIMIZATION_LEVEL = "-O";
				VALIDATE_PRODUCT = YES;
			};
			name = Release;
		};
		B329D607240702FB00FF6D33 /* Debug */ = {
			isa = XCBuildConfiguration;
			buildSettings = {
				ASSETCATALOG_COMPILER_APPICON_NAME = AppIcon;
				CODE_SIGN_IDENTITY = "Apple Development";
				CODE_SIGN_STYLE = Automatic;
				DEVELOPMENT_ASSET_PATHS = "\"Tenla/Preview Content\"";
				DEVELOPMENT_TEAM = JBCVY683YK;
				ENABLE_PREVIEWS = YES;
				INFOPLIST_FILE = Tenla/Info.plist;
				IPHONEOS_DEPLOYMENT_TARGET = 14.0;
				LD_RUNPATH_SEARCH_PATHS = (
					"$(inherited)",
					"@executable_path/Frameworks",
				);
				PRODUCT_BUNDLE_IDENTIFIER = daora.Tenla;
				PRODUCT_NAME = "$(TARGET_NAME)";
				PROVISIONING_PROFILE_SPECIFIER = "";
				SWIFT_VERSION = 5.0;
				TARGETED_DEVICE_FAMILY = 1;
			};
			name = Debug;
		};
		B329D608240702FB00FF6D33 /* Release */ = {
			isa = XCBuildConfiguration;
			buildSettings = {
				ASSETCATALOG_COMPILER_APPICON_NAME = AppIcon;
				CODE_SIGN_IDENTITY = "Apple Development";
				CODE_SIGN_STYLE = Automatic;
				DEVELOPMENT_ASSET_PATHS = "\"Tenla/Preview Content\"";
				DEVELOPMENT_TEAM = JBCVY683YK;
				ENABLE_PREVIEWS = YES;
				INFOPLIST_FILE = Tenla/Info.plist;
				IPHONEOS_DEPLOYMENT_TARGET = 14.0;
				LD_RUNPATH_SEARCH_PATHS = (
					"$(inherited)",
					"@executable_path/Frameworks",
				);
				PRODUCT_BUNDLE_IDENTIFIER = daora.Tenla;
				PRODUCT_NAME = "$(TARGET_NAME)";
				PROVISIONING_PROFILE_SPECIFIER = "";
				SWIFT_VERSION = 5.0;
				TARGETED_DEVICE_FAMILY = 1;
			};
			name = Release;
		};
/* End XCBuildConfiguration section */

/* Begin XCConfigurationList section */
		B329D5ED240702F800FF6D33 /* Build configuration list for PBXProject "Tenla" */ = {
			isa = XCConfigurationList;
			buildConfigurations = (
				B329D604240702FB00FF6D33 /* Debug */,
				B329D605240702FB00FF6D33 /* Release */,
			);
			defaultConfigurationIsVisible = 0;
			defaultConfigurationName = Release;
		};
		B329D606240702FB00FF6D33 /* Build configuration list for PBXNativeTarget "Tenla" */ = {
			isa = XCConfigurationList;
			buildConfigurations = (
				B329D607240702FB00FF6D33 /* Debug */,
				B329D608240702FB00FF6D33 /* Release */,
			);
			defaultConfigurationIsVisible = 0;
			defaultConfigurationName = Release;
		};
/* End XCConfigurationList section */
	};
	rootObject = B329D5EA240702F800FF6D33 /* Project object */;
}
